// !$*UTF8*$!
{
	archiveVersion = 1;
	classes = {
	};
	objectVersion = 56;
	objects = {

/* Begin PBXBuildFile section */
		DB140B1E2C7E6AB10020138E /* YearPickerView.swift in Sources */ = {isa = PBXBuildFile; fileRef = DB140B1D2C7E6AB10020138E /* YearPickerView.swift */; };
		DB4B2A5D2C7E54F600530EE7 /* CustomTabBarView.swift in Sources */ = {isa = PBXBuildFile; fileRef = DB4B2A5C2C7E54F600530EE7 /* CustomTabBarView.swift */; };
		DB612D472C613028006D9E8B /* iBillsApp.swift in Sources */ = {isa = PBXBuildFile; fileRef = DB612D462C613028006D9E8B /* iBillsApp.swift */; };
		DB612D4B2C61302A006D9E8B /* Assets.xcassets in Resources */ = {isa = PBXBuildFile; fileRef = DB612D4A2C61302A006D9E8B /* Assets.xcassets */; };
		DB612D4E2C61302A006D9E8B /* Preview Assets.xcassets in Resources */ = {isa = PBXBuildFile; fileRef = DB612D4D2C61302A006D9E8B /* Preview Assets.xcassets */; };
		DB612D552C613A36006D9E8B /* Invoice.swift in Sources */ = {isa = PBXBuildFile; fileRef = DB612D542C613A36006D9E8B /* Invoice.swift */; };
		DB612D592C615301006D9E8B /* AddInvoiceView.swift in Sources */ = {isa = PBXBuildFile; fileRef = DB612D582C615301006D9E8B /* AddInvoiceView.swift */; };
		DB612D5B2C615D2C006D9E8B /* GraphView.swift in Sources */ = {isa = PBXBuildFile; fileRef = DB612D5A2C615D2C006D9E8B /* GraphView.swift */; };
		DB612D5D2C615DAF006D9E8B /* HomeView.swift in Sources */ = {isa = PBXBuildFile; fileRef = DB612D5C2C615DAF006D9E8B /* HomeView.swift */; };
		DB612D612C616A6C006D9E8B /* MainView.swift in Sources */ = {isa = PBXBuildFile; fileRef = DB612D602C616A6C006D9E8B /* MainView.swift */; };
		DB9A95792C6FD74000FE559F /* AuthenticationView.swift in Sources */ = {isa = PBXBuildFile; fileRef = DB9A95782C6FD74000FE559F /* AuthenticationView.swift */; };
		DB9A957E2C72809900FE559F /* GraphViewModel.swift in Sources */ = {isa = PBXBuildFile; fileRef = DB9A957D2C72809900FE559F /* GraphViewModel.swift */; };
		DB9A95802C73CF6700FE559F /* ChartType.swift in Sources */ = {isa = PBXBuildFile; fileRef = DB9A957F2C73CF6700FE559F /* ChartType.swift */; };
		DB9A95882C77073300FE559F /* GraphTypeButtonsView.swift in Sources */ = {isa = PBXBuildFile; fileRef = DB9A95872C77073300FE559F /* GraphTypeButtonsView.swift */; };
		DB9A958A2C7707C600FE559F /* GraphSectionView.swift in Sources */ = {isa = PBXBuildFile; fileRef = DB9A95892C7707C600FE559F /* GraphSectionView.swift */; };
		DB9A958C2C770AFF00FE559F /* AuthenticationViewModel.swift in Sources */ = {isa = PBXBuildFile; fileRef = DB9A958B2C770AFF00FE559F /* AuthenticationViewModel.swift */; };
		DB9A958E2C770C7900FE559F /* AddInvoiceViewModel.swift in Sources */ = {isa = PBXBuildFile; fileRef = DB9A958D2C770C7900FE559F /* AddInvoiceViewModel.swift */; };
		DB9A95902C79AF7B00FE559F /* BalanceView.swift in Sources */ = {isa = PBXBuildFile; fileRef = DB9A958F2C79AF7B00FE559F /* BalanceView.swift */; };
		DB9A95922C79AF9300FE559F /* BalanceViewModel.swift in Sources */ = {isa = PBXBuildFile; fileRef = DB9A95912C79AF9300FE559F /* BalanceViewModel.swift */; };
		DB9A95942C7E467A00FE559F /* TabModel.swift in Sources */ = {isa = PBXBuildFile; fileRef = DB9A95932C7E467A00FE559F /* TabModel.swift */; };
		DB9A95962C7E471100FE559F /* ContentView.swift in Sources */ = {isa = PBXBuildFile; fileRef = DB9A95952C7E471100FE559F /* ContentView.swift */; };
		DBA266422C7E750700CEAD51 /* YearButtonsView.swift in Sources */ = {isa = PBXBuildFile; fileRef = DBA266412C7E750700CEAD51 /* YearButtonsView.swift */; };
		DBA266442C7E778700CEAD51 /* Launch Screen.storyboard in Resources */ = {isa = PBXBuildFile; fileRef = DBA266432C7E778700CEAD51 /* Launch Screen.storyboard */; };
/* End PBXBuildFile section */

/* Begin PBXFileReference section */
		DB140B1D2C7E6AB10020138E /* YearPickerView.swift */ = {isa = PBXFileReference; lastKnownFileType = sourcecode.swift; path = YearPickerView.swift; sourceTree = "<group>"; };
		DB4B2A5C2C7E54F600530EE7 /* CustomTabBarView.swift */ = {isa = PBXFileReference; lastKnownFileType = sourcecode.swift; path = CustomTabBarView.swift; sourceTree = "<group>"; };
		DB612D432C613028006D9E8B /* iBills.app */ = {isa = PBXFileReference; explicitFileType = wrapper.application; includeInIndex = 0; path = iBills.app; sourceTree = BUILT_PRODUCTS_DIR; };
		DB612D462C613028006D9E8B /* iBillsApp.swift */ = {isa = PBXFileReference; lastKnownFileType = sourcecode.swift; path = iBillsApp.swift; sourceTree = "<group>"; };
		DB612D4A2C61302A006D9E8B /* Assets.xcassets */ = {isa = PBXFileReference; lastKnownFileType = folder.assetcatalog; path = Assets.xcassets; sourceTree = "<group>"; };
		DB612D4D2C61302A006D9E8B /* Preview Assets.xcassets */ = {isa = PBXFileReference; lastKnownFileType = folder.assetcatalog; path = "Preview Assets.xcassets"; sourceTree = "<group>"; };
		DB612D542C613A36006D9E8B /* Invoice.swift */ = {isa = PBXFileReference; lastKnownFileType = sourcecode.swift; path = Invoice.swift; sourceTree = "<group>"; };
		DB612D582C615301006D9E8B /* AddInvoiceView.swift */ = {isa = PBXFileReference; lastKnownFileType = sourcecode.swift; path = AddInvoiceView.swift; sourceTree = "<group>"; };
		DB612D5A2C615D2C006D9E8B /* GraphView.swift */ = {isa = PBXFileReference; lastKnownFileType = sourcecode.swift; path = GraphView.swift; sourceTree = "<group>"; };
		DB612D5C2C615DAF006D9E8B /* HomeView.swift */ = {isa = PBXFileReference; lastKnownFileType = sourcecode.swift; path = HomeView.swift; sourceTree = "<group>"; };
		DB612D602C616A6C006D9E8B /* MainView.swift */ = {isa = PBXFileReference; lastKnownFileType = sourcecode.swift; path = MainView.swift; sourceTree = "<group>"; };
		DB9A95782C6FD74000FE559F /* AuthenticationView.swift */ = {isa = PBXFileReference; lastKnownFileType = sourcecode.swift; path = AuthenticationView.swift; sourceTree = "<group>"; };
		DB9A957D2C72809900FE559F /* GraphViewModel.swift */ = {isa = PBXFileReference; lastKnownFileType = sourcecode.swift; path = GraphViewModel.swift; sourceTree = "<group>"; };
		DB9A957F2C73CF6700FE559F /* ChartType.swift */ = {isa = PBXFileReference; lastKnownFileType = sourcecode.swift; path = ChartType.swift; sourceTree = "<group>"; };
		DB9A95872C77073300FE559F /* GraphTypeButtonsView.swift */ = {isa = PBXFileReference; lastKnownFileType = sourcecode.swift; path = GraphTypeButtonsView.swift; sourceTree = "<group>"; };
		DB9A95892C7707C600FE559F /* GraphSectionView.swift */ = {isa = PBXFileReference; lastKnownFileType = sourcecode.swift; path = GraphSectionView.swift; sourceTree = "<group>"; };
		DB9A958B2C770AFF00FE559F /* AuthenticationViewModel.swift */ = {isa = PBXFileReference; lastKnownFileType = sourcecode.swift; path = AuthenticationViewModel.swift; sourceTree = "<group>"; };
		DB9A958D2C770C7900FE559F /* AddInvoiceViewModel.swift */ = {isa = PBXFileReference; lastKnownFileType = sourcecode.swift; path = AddInvoiceViewModel.swift; sourceTree = "<group>"; };
		DB9A958F2C79AF7B00FE559F /* BalanceView.swift */ = {isa = PBXFileReference; lastKnownFileType = sourcecode.swift; path = BalanceView.swift; sourceTree = "<group>"; };
		DB9A95912C79AF9300FE559F /* BalanceViewModel.swift */ = {isa = PBXFileReference; lastKnownFileType = sourcecode.swift; path = BalanceViewModel.swift; sourceTree = "<group>"; };
		DB9A95932C7E467A00FE559F /* TabModel.swift */ = {isa = PBXFileReference; lastKnownFileType = sourcecode.swift; path = TabModel.swift; sourceTree = "<group>"; };
		DB9A95952C7E471100FE559F /* ContentView.swift */ = {isa = PBXFileReference; lastKnownFileType = sourcecode.swift; path = ContentView.swift; sourceTree = "<group>"; };
		DBA266412C7E750700CEAD51 /* YearButtonsView.swift */ = {isa = PBXFileReference; lastKnownFileType = sourcecode.swift; path = YearButtonsView.swift; sourceTree = "<group>"; };
		DBA266432C7E778700CEAD51 /* Launch Screen.storyboard */ = {isa = PBXFileReference; lastKnownFileType = file.storyboard; path = "Launch Screen.storyboard"; sourceTree = "<group>"; };
/* End PBXFileReference section */

/* Begin PBXFrameworksBuildPhase section */
		DB612D402C613028006D9E8B /* Frameworks */ = {
			isa = PBXFrameworksBuildPhase;
			buildActionMask = 2147483647;
			files = (
			);
			runOnlyForDeploymentPostprocessing = 0;
		};
/* End PBXFrameworksBuildPhase section */

/* Begin PBXGroup section */
		DB612D3A2C613028006D9E8B = {
			isa = PBXGroup;
			children = (
				DB612D452C613028006D9E8B /* iBills */,
				DB612D442C613028006D9E8B /* Products */,
			);
			sourceTree = "<group>";
		};
		DB612D442C613028006D9E8B /* Products */ = {
			isa = PBXGroup;
			children = (
				DB612D432C613028006D9E8B /* iBills.app */,
			);
			name = Products;
			sourceTree = "<group>";
		};
		DB612D452C613028006D9E8B /* iBills */ = {
			isa = PBXGroup;
			children = (
				DB612D462C613028006D9E8B /* iBillsApp.swift */,
				DBA266432C7E778700CEAD51 /* Launch Screen.storyboard */,
				DB9A957C2C70841400FE559F /* Model */,
				DB9A957B2C70840D00FE559F /* View */,
				DB9A957A2C70840100FE559F /* ViewModel */,
				DB612D4A2C61302A006D9E8B /* Assets.xcassets */,
				DB612D4C2C61302A006D9E8B /* Preview Content */,
			);
			path = iBills;
			sourceTree = "<group>";
		};
		DB612D4C2C61302A006D9E8B /* Preview Content */ = {
			isa = PBXGroup;
			children = (
				DB612D4D2C61302A006D9E8B /* Preview Assets.xcassets */,
			);
			path = "Preview Content";
			sourceTree = "<group>";
		};
		DB9A957A2C70840100FE559F /* ViewModel */ = {
			isa = PBXGroup;
			children = (
				DB9A958B2C770AFF00FE559F /* AuthenticationViewModel.swift */,
				DB9A95912C79AF9300FE559F /* BalanceViewModel.swift */,
				DB9A957D2C72809900FE559F /* GraphViewModel.swift */,
				DB9A958D2C770C7900FE559F /* AddInvoiceViewModel.swift */,
			);
			path = ViewModel;
			sourceTree = "<group>";
		};
		DB9A957B2C70840D00FE559F /* View */ = {
			isa = PBXGroup;
			children = (
				DB612D602C616A6C006D9E8B /* MainView.swift */,
				DB9A95952C7E471100FE559F /* ContentView.swift */,
				DB9A95782C6FD74000FE559F /* AuthenticationView.swift */,
				DB612D5C2C615DAF006D9E8B /* HomeView.swift */,
				DB9A958F2C79AF7B00FE559F /* BalanceView.swift */,
				DBA266412C7E750700CEAD51 /* YearButtonsView.swift */,
				DB612D5A2C615D2C006D9E8B /* GraphView.swift */,
				DB140B1D2C7E6AB10020138E /* YearPickerView.swift */,
				DB9A95892C7707C600FE559F /* GraphSectionView.swift */,
				DB9A95872C77073300FE559F /* GraphTypeButtonsView.swift */,
				DB612D582C615301006D9E8B /* AddInvoiceView.swift */,
				DB4B2A5C2C7E54F600530EE7 /* CustomTabBarView.swift */,
			);
			path = View;
			sourceTree = "<group>";
		};
		DB9A957C2C70841400FE559F /* Model */ = {
			isa = PBXGroup;
			children = (
				DB612D542C613A36006D9E8B /* Invoice.swift */,
				DB9A957F2C73CF6700FE559F /* ChartType.swift */,
				DB9A95932C7E467A00FE559F /* TabModel.swift */,
			);
			path = Model;
			sourceTree = "<group>";
		};
/* End PBXGroup section */

/* Begin PBXNativeTarget section */
		DB612D422C613028006D9E8B /* iBills */ = {
			isa = PBXNativeTarget;
			buildConfigurationList = DB612D512C61302A006D9E8B /* Build configuration list for PBXNativeTarget "iBills" */;
			buildPhases = (
				DB612D3F2C613028006D9E8B /* Sources */,
				DB612D402C613028006D9E8B /* Frameworks */,
				DB612D412C613028006D9E8B /* Resources */,
			);
			buildRules = (
			);
			dependencies = (
			);
			name = iBills;
			productName = iBills;
			productReference = DB612D432C613028006D9E8B /* iBills.app */;
			productType = "com.apple.product-type.application";
		};
/* End PBXNativeTarget section */

/* Begin PBXProject section */
		DB612D3B2C613028006D9E8B /* Project object */ = {
			isa = PBXProject;
			attributes = {
				BuildIndependentTargetsInParallel = 1;
				LastSwiftUpdateCheck = 1540;
				LastUpgradeCheck = 1540;
				TargetAttributes = {
					DB612D422C613028006D9E8B = {
						CreatedOnToolsVersion = 15.4;
					};
				};
			};
			buildConfigurationList = DB612D3E2C613028006D9E8B /* Build configuration list for PBXProject "iBills" */;
			compatibilityVersion = "Xcode 14.0";
			developmentRegion = en;
			hasScannedForEncodings = 0;
			knownRegions = (
				en,
				Base,
			);
			mainGroup = DB612D3A2C613028006D9E8B;
			productRefGroup = DB612D442C613028006D9E8B /* Products */;
			projectDirPath = "";
			projectRoot = "";
			targets = (
				DB612D422C613028006D9E8B /* iBills */,
			);
		};
/* End PBXProject section */

/* Begin PBXResourcesBuildPhase section */
		DB612D412C613028006D9E8B /* Resources */ = {
			isa = PBXResourcesBuildPhase;
			buildActionMask = 2147483647;
			files = (
				DBA266442C7E778700CEAD51 /* Launch Screen.storyboard in Resources */,
				DB612D4E2C61302A006D9E8B /* Preview Assets.xcassets in Resources */,
				DB612D4B2C61302A006D9E8B /* Assets.xcassets in Resources */,
			);
			runOnlyForDeploymentPostprocessing = 0;
		};
/* End PBXResourcesBuildPhase section */

/* Begin PBXSourcesBuildPhase section */
		DB612D3F2C613028006D9E8B /* Sources */ = {
			isa = PBXSourcesBuildPhase;
			buildActionMask = 2147483647;
			files = (
				DB612D5B2C615D2C006D9E8B /* GraphView.swift in Sources */,
				DB9A95942C7E467A00FE559F /* TabModel.swift in Sources */,
				DB612D612C616A6C006D9E8B /* MainView.swift in Sources */,
				DB9A958C2C770AFF00FE559F /* AuthenticationViewModel.swift in Sources */,
				DB612D592C615301006D9E8B /* AddInvoiceView.swift in Sources */,
				DB612D552C613A36006D9E8B /* Invoice.swift in Sources */,
				DB9A958E2C770C7900FE559F /* AddInvoiceViewModel.swift in Sources */,
				DBA266422C7E750700CEAD51 /* YearButtonsView.swift in Sources */,
				DB9A957E2C72809900FE559F /* GraphViewModel.swift in Sources */,
				DB9A95962C7E471100FE559F /* ContentView.swift in Sources */,
				DB140B1E2C7E6AB10020138E /* YearPickerView.swift in Sources */,
				DB4B2A5D2C7E54F600530EE7 /* CustomTabBarView.swift in Sources */,
				DB9A95792C6FD74000FE559F /* AuthenticationView.swift in Sources */,
				DB9A95882C77073300FE559F /* GraphTypeButtonsView.swift in Sources */,
				DB9A958A2C7707C600FE559F /* GraphSectionView.swift in Sources */,
				DB612D472C613028006D9E8B /* iBillsApp.swift in Sources */,
				DB9A95802C73CF6700FE559F /* ChartType.swift in Sources */,
				DB612D5D2C615DAF006D9E8B /* HomeView.swift in Sources */,
				DB9A95922C79AF9300FE559F /* BalanceViewModel.swift in Sources */,
				DB9A95902C79AF7B00FE559F /* BalanceView.swift in Sources */,
			);
			runOnlyForDeploymentPostprocessing = 0;
		};
/* End PBXSourcesBuildPhase section */

/* Begin XCBuildConfiguration section */
		DB612D4F2C61302A006D9E8B /* Debug */ = {
			isa = XCBuildConfiguration;
			buildSettings = {
				ALWAYS_SEARCH_USER_PATHS = NO;
				ASSETCATALOG_COMPILER_GENERATE_SWIFT_ASSET_SYMBOL_EXTENSIONS = YES;
				CLANG_ANALYZER_NONNULL = YES;
				CLANG_ANALYZER_NUMBER_OBJECT_CONVERSION = YES_AGGRESSIVE;
				CLANG_CXX_LANGUAGE_STANDARD = "gnu++20";
				CLANG_ENABLE_MODULES = YES;
				CLANG_ENABLE_OBJC_ARC = YES;
				CLANG_ENABLE_OBJC_WEAK = YES;
				CLANG_WARN_BLOCK_CAPTURE_AUTORELEASING = YES;
				CLANG_WARN_BOOL_CONVERSION = YES;
				CLANG_WARN_COMMA = YES;
				CLANG_WARN_CONSTANT_CONVERSION = YES;
				CLANG_WARN_DEPRECATED_OBJC_IMPLEMENTATIONS = YES;
				CLANG_WARN_DIRECT_OBJC_ISA_USAGE = YES_ERROR;
				CLANG_WARN_DOCUMENTATION_COMMENTS = YES;
				CLANG_WARN_EMPTY_BODY = YES;
				CLANG_WARN_ENUM_CONVERSION = YES;
				CLANG_WARN_INFINITE_RECURSION = YES;
				CLANG_WARN_INT_CONVERSION = YES;
				CLANG_WARN_NON_LITERAL_NULL_CONVERSION = YES;
				CLANG_WARN_OBJC_IMPLICIT_RETAIN_SELF = YES;
				CLANG_WARN_OBJC_LITERAL_CONVERSION = YES;
				CLANG_WARN_OBJC_ROOT_CLASS = YES_ERROR;
				CLANG_WARN_QUOTED_INCLUDE_IN_FRAMEWORK_HEADER = YES;
				CLANG_WARN_RANGE_LOOP_ANALYSIS = YES;
				CLANG_WARN_STRICT_PROTOTYPES = YES;
				CLANG_WARN_SUSPICIOUS_MOVE = YES;
				CLANG_WARN_UNGUARDED_AVAILABILITY = YES_AGGRESSIVE;
				CLANG_WARN_UNREACHABLE_CODE = YES;
				CLANG_WARN__DUPLICATE_METHOD_MATCH = YES;
				COPY_PHASE_STRIP = NO;
				DEBUG_INFORMATION_FORMAT = dwarf;
				ENABLE_STRICT_OBJC_MSGSEND = YES;
				ENABLE_TESTABILITY = YES;
				ENABLE_USER_SCRIPT_SANDBOXING = YES;
				GCC_C_LANGUAGE_STANDARD = gnu17;
				GCC_DYNAMIC_NO_PIC = NO;
				GCC_NO_COMMON_BLOCKS = YES;
				GCC_OPTIMIZATION_LEVEL = 0;
				GCC_PREPROCESSOR_DEFINITIONS = (
					"DEBUG=1",
					"$(inherited)",
				);
				GCC_WARN_64_TO_32_BIT_CONVERSION = YES;
				GCC_WARN_ABOUT_RETURN_TYPE = YES_ERROR;
				GCC_WARN_UNDECLARED_SELECTOR = YES;
				GCC_WARN_UNINITIALIZED_AUTOS = YES_AGGRESSIVE;
				GCC_WARN_UNUSED_FUNCTION = YES;
				GCC_WARN_UNUSED_VARIABLE = YES;
				IPHONEOS_DEPLOYMENT_TARGET = 17.5;
				LOCALIZATION_PREFERS_STRING_CATALOGS = YES;
				MTL_ENABLE_DEBUG_INFO = INCLUDE_SOURCE;
				MTL_FAST_MATH = YES;
				ONLY_ACTIVE_ARCH = YES;
				SDKROOT = iphoneos;
				SWIFT_ACTIVE_COMPILATION_CONDITIONS = "DEBUG $(inherited)";
				SWIFT_OPTIMIZATION_LEVEL = "-Onone";
			};
			name = Debug;
		};
		DB612D502C61302A006D9E8B /* Release */ = {
			isa = XCBuildConfiguration;
			buildSettings = {
				ALWAYS_SEARCH_USER_PATHS = NO;
				ASSETCATALOG_COMPILER_GENERATE_SWIFT_ASSET_SYMBOL_EXTENSIONS = YES;
				CLANG_ANALYZER_NONNULL = YES;
				CLANG_ANALYZER_NUMBER_OBJECT_CONVERSION = YES_AGGRESSIVE;
				CLANG_CXX_LANGUAGE_STANDARD = "gnu++20";
				CLANG_ENABLE_MODULES = YES;
				CLANG_ENABLE_OBJC_ARC = YES;
				CLANG_ENABLE_OBJC_WEAK = YES;
				CLANG_WARN_BLOCK_CAPTURE_AUTORELEASING = YES;
				CLANG_WARN_BOOL_CONVERSION = YES;
				CLANG_WARN_COMMA = YES;
				CLANG_WARN_CONSTANT_CONVERSION = YES;
				CLANG_WARN_DEPRECATED_OBJC_IMPLEMENTATIONS = YES;
				CLANG_WARN_DIRECT_OBJC_ISA_USAGE = YES_ERROR;
				CLANG_WARN_DOCUMENTATION_COMMENTS = YES;
				CLANG_WARN_EMPTY_BODY = YES;
				CLANG_WARN_ENUM_CONVERSION = YES;
				CLANG_WARN_INFINITE_RECURSION = YES;
				CLANG_WARN_INT_CONVERSION = YES;
				CLANG_WARN_NON_LITERAL_NULL_CONVERSION = YES;
				CLANG_WARN_OBJC_IMPLICIT_RETAIN_SELF = YES;
				CLANG_WARN_OBJC_LITERAL_CONVERSION = YES;
				CLANG_WARN_OBJC_ROOT_CLASS = YES_ERROR;
				CLANG_WARN_QUOTED_INCLUDE_IN_FRAMEWORK_HEADER = YES;
				CLANG_WARN_RANGE_LOOP_ANALYSIS = YES;
				CLANG_WARN_STRICT_PROTOTYPES = YES;
				CLANG_WARN_SUSPICIOUS_MOVE = YES;
				CLANG_WARN_UNGUARDED_AVAILABILITY = YES_AGGRESSIVE;
				CLANG_WARN_UNREACHABLE_CODE = YES;
				CLANG_WARN__DUPLICATE_METHOD_MATCH = YES;
				COPY_PHASE_STRIP = NO;
				DEBUG_INFORMATION_FORMAT = "dwarf-with-dsym";
				ENABLE_NS_ASSERTIONS = NO;
				ENABLE_STRICT_OBJC_MSGSEND = YES;
				ENABLE_USER_SCRIPT_SANDBOXING = YES;
				GCC_C_LANGUAGE_STANDARD = gnu17;
				GCC_NO_COMMON_BLOCKS = YES;
				GCC_WARN_64_TO_32_BIT_CONVERSION = YES;
				GCC_WARN_ABOUT_RETURN_TYPE = YES_ERROR;
				GCC_WARN_UNDECLARED_SELECTOR = YES;
				GCC_WARN_UNINITIALIZED_AUTOS = YES_AGGRESSIVE;
				GCC_WARN_UNUSED_FUNCTION = YES;
				GCC_WARN_UNUSED_VARIABLE = YES;
				IPHONEOS_DEPLOYMENT_TARGET = 17.5;
				LOCALIZATION_PREFERS_STRING_CATALOGS = YES;
				MTL_ENABLE_DEBUG_INFO = NO;
				MTL_FAST_MATH = YES;
				SDKROOT = iphoneos;
				SWIFT_COMPILATION_MODE = wholemodule;
				VALIDATE_PRODUCT = YES;
			};
			name = Release;
		};
		DB612D522C61302A006D9E8B /* Debug */ = {
			isa = XCBuildConfiguration;
			buildSettings = {
				ASSETCATALOG_COMPILER_APPICON_NAME = AppIcon;
				ASSETCATALOG_COMPILER_GLOBAL_ACCENT_COLOR_NAME = AccentColor;
				CODE_SIGN_STYLE = Automatic;
				CURRENT_PROJECT_VERSION = 1;
				DEVELOPMENT_ASSET_PATHS = "\"iBills/Preview Content\"";
				DEVELOPMENT_TEAM = 3U8WFAVDSF;
				ENABLE_PREVIEWS = YES;
				GENERATE_INFOPLIST_FILE = YES;
				INFOPLIST_KEY_NSFaceIDUsageDescription = "Autenticación Biometrica para acceder a la App";
				INFOPLIST_KEY_UIApplicationSceneManifest_Generation = YES;
				INFOPLIST_KEY_UIApplicationSupportsIndirectInputEvents = YES;
				INFOPLIST_KEY_UILaunchScreen_Generation = YES;
				INFOPLIST_KEY_UILaunchStoryboardName = "Launch Screen.storyboard";
				INFOPLIST_KEY_UISupportedInterfaceOrientations = UIInterfaceOrientationPortrait;
				INFOPLIST_KEY_UISupportedInterfaceOrientations_iPad = "UIInterfaceOrientationLandscapeLeft UIInterfaceOrientationLandscapeRight UIInterfaceOrientationPortrait UIInterfaceOrientationPortraitUpsideDown";
				LD_RUNPATH_SEARCH_PATHS = (
					"$(inherited)",
					"@executable_path/Frameworks",
				);
				MARKETING_VERSION = 1.0;
				PRODUCT_BUNDLE_IDENTIFIER = com.SebastianYanni.iBills;
				PRODUCT_NAME = "$(TARGET_NAME)";
				SUPPORTED_PLATFORMS = "iphoneos iphonesimulator";
				SUPPORTS_MACCATALYST = NO;
				SUPPORTS_MAC_DESIGNED_FOR_IPHONE_IPAD = NO;
				SUPPORTS_XR_DESIGNED_FOR_IPHONE_IPAD = NO;
				SWIFT_EMIT_LOC_STRINGS = YES;
				SWIFT_VERSION = 5.0;
				TARGETED_DEVICE_FAMILY = "1,2";
			};
			name = Debug;
		};
		DB612D532C61302A006D9E8B /* Release */ = {
			isa = XCBuildConfiguration;
			buildSettings = {
				ASSETCATALOG_COMPILER_APPICON_NAME = AppIcon;
				ASSETCATALOG_COMPILER_GLOBAL_ACCENT_COLOR_NAME = AccentColor;
				CODE_SIGN_STYLE = Automatic;
				CURRENT_PROJECT_VERSION = 1;
				DEVELOPMENT_ASSET_PATHS = "\"iBills/Preview Content\"";
				DEVELOPMENT_TEAM = 3U8WFAVDSF;
				ENABLE_PREVIEWS = YES;
				GENERATE_INFOPLIST_FILE = YES;
				INFOPLIST_KEY_NSFaceIDUsageDescription = "Autenticación Biometrica para acceder a la App";
				INFOPLIST_KEY_UIApplicationSceneManifest_Generation = YES;
				INFOPLIST_KEY_UIApplicationSupportsIndirectInputEvents = YES;
				INFOPLIST_KEY_UILaunchScreen_Generation = YES;
				INFOPLIST_KEY_UILaunchStoryboardName = "Launch Screen.storyboard";
				INFOPLIST_KEY_UISupportedInterfaceOrientations = UIInterfaceOrientationPortrait;
				INFOPLIST_KEY_UISupportedInterfaceOrientations_iPad = "UIInterfaceOrientationLandscapeLeft UIInterfaceOrientationLandscapeRight UIInterfaceOrientationPortrait UIInterfaceOrientationPortraitUpsideDown";
				LD_RUNPATH_SEARCH_PATHS = (
					"$(inherited)",
					"@executable_path/Frameworks",
				);
				MARKETING_VERSION = 1.0;
				PRODUCT_BUNDLE_IDENTIFIER = com.SebastianYanni.iBills;
				PRODUCT_NAME = "$(TARGET_NAME)";
				SUPPORTED_PLATFORMS = "iphoneos iphonesimulator";
				SUPPORTS_MACCATALYST = NO;
				SUPPORTS_MAC_DESIGNED_FOR_IPHONE_IPAD = NO;
				SUPPORTS_XR_DESIGNED_FOR_IPHONE_IPAD = NO;
				SWIFT_EMIT_LOC_STRINGS = YES;
				SWIFT_VERSION = 5.0;
				TARGETED_DEVICE_FAMILY = "1,2";
			};
			name = Release;
		};
/* End XCBuildConfiguration section */

/* Begin XCConfigurationList section */
		DB612D3E2C613028006D9E8B /* Build configuration list for PBXProject "iBills" */ = {
			isa = XCConfigurationList;
			buildConfigurations = (
				DB612D4F2C61302A006D9E8B /* Debug */,
				DB612D502C61302A006D9E8B /* Release */,
			);
			defaultConfigurationIsVisible = 0;
			defaultConfigurationName = Release;
		};
		DB612D512C61302A006D9E8B /* Build configuration list for PBXNativeTarget "iBills" */ = {
			isa = XCConfigurationList;
			buildConfigurations = (
				DB612D522C61302A006D9E8B /* Debug */,
				DB612D532C61302A006D9E8B /* Release */,
			);
			defaultConfigurationIsVisible = 0;
			defaultConfigurationName = Release;
		};
/* End XCConfigurationList section */
	};
	rootObject = DB612D3B2C613028006D9E8B /* Project object */;
}
